
Microsoft Visual Studio Solution File, Format Version 12.00
# Visual Studio 2012
Project("{FAE04EC0-301F-11D3-BF4B-00C04F79EFBC}") = "Aspects.Fody", "src\Aspects.Fody\Aspects.Fody.csproj", "{2DDCD613-8C84-4BE5-9AE9-7A844C9FCEF9}"
EndProject
Project("{FAE04EC0-301F-11D3-BF4B-00C04F79EFBC}") = "Tests", "src\Tests\Tests.csproj", "{FB53A225-32C7-4C0E-8018-855740CEE8E9}"
EndProject
Project("{2150E333-8FDC-42A3-9474-1A3956D46DE8}") = ".nuget", ".nuget", "{EF4EF7DA-9488-485A-B844-A4457F42B0FA}"
	ProjectSection(SolutionItems) = preProject
		.nuget\NuGet.Config = .nuget\NuGet.Config
		.nuget\NuGet.exe = .nuget\NuGet.exe
		.nuget\NuGet.targets = .nuget\NuGet.targets
	EndProjectSection
EndProject
Project("{FAE04EC0-301F-11D3-BF4B-00C04F79EFBC}") = "TestAssemblyToProcess", "src\TestAssemblyToProcess\TestAssemblyToProcess.csproj", "{232ECAAC-1680-4A3C-A8A4-31CF599EE05B}"
EndProject
Global
	GlobalSection(SolutionConfigurationPlatforms) = preSolution
		Debug|Any CPU = Debug|Any CPU
		Release|Any CPU = Release|Any CPU
	EndGlobalSection
	GlobalSection(ProjectConfigurationPlatforms) = postSolution
		{2DDCD613-8C84-4BE5-9AE9-7A844C9FCEF9}.Debug|Any CPU.ActiveCfg = Debug|Any CPU
		{2DDCD613-8C84-4BE5-9AE9-7A844C9FCEF9}.Debug|Any CPU.Build.0 = Debug|Any CPU
		{2DDCD613-8C84-4BE5-9AE9-7A844C9FCEF9}.Release|Any CPU.ActiveCfg = Release|Any CPU
		{2DDCD613-8C84-4BE5-9AE9-7A844C9FCEF9}.Release|Any CPU.Build.0 = Release|Any CPU
		{FB53A225-32C7-4C0E-8018-855740CEE8E9}.Debug|Any CPU.ActiveCfg = Debug|Any CPU
		{FB53A225-32C7-4C0E-8018-855740CEE8E9}.Debug|Any CPU.Build.0 = Debug|Any CPU
		{FB53A225-32C7-4C0E-8018-855740CEE8E9}.Release|Any CPU.ActiveCfg = Release|Any CPU
		{FB53A225-32C7-4C0E-8018-855740CEE8E9}.Release|Any CPU.Build.0 = Release|Any CPU
		{232ECAAC-1680-4A3C-A8A4-31CF599EE05B}.Debug|Any CPU.ActiveCfg = Debug|Any CPU
		{232ECAAC-1680-4A3C-A8A4-31CF599EE05B}.Debug|Any CPU.Build.0 = Debug|Any CPU
		{232ECAAC-1680-4A3C-A8A4-31CF599EE05B}.Release|Any CPU.ActiveCfg = Release|Any CPU
		{232ECAAC-1680-4A3C-A8A4-31CF599EE05B}.Release|Any CPU.Build.0 = Release|Any CPU
	EndGlobalSection
	GlobalSection(SolutionProperties) = preSolution
		HideSolutionNode = FALSE
	EndGlobalSection
EndGlobal
